
Microsoft Visual Studio Solution File, Format Version 12.00
# Visual Studio Version 17
VisualStudioVersion = 17.12.35527.113
MinimumVisualStudioVersion = 10.0.40219.1
Project("{FAE04EC0-301F-11D3-BF4B-00C04F79EFBC}") = "VisualStudioTemplates.AppHost", "VisualStudioTemplates.AppHost\VisualStudioTemplates.AppHost.csproj", "{F229AC87-186B-455F-8470-ACCEEE902437}"
EndProject
Project("{FAE04EC0-301F-11D3-BF4B-00C04F79EFBC}") = "VisualStudioTemplates.ServiceDefaults", "VisualStudioTemplates.ServiceDefaults\VisualStudioTemplates.ServiceDefaults.csproj", "{1DAE622F-EAC5-4E24-955F-DC34A2CB3348}"
EndProject
Project("{FAE04EC0-301F-11D3-BF4B-00C04F79EFBC}") = "VueApp.Server", "VueApp\VueApp.Server\VueApp.Server.csproj", "{8C842E64-322A-4F1B-B06A-FB7CE835CB8C}"
EndProject
Global
	GlobalSection(SolutionConfigurationPlatforms) = preSolution
		Debug|Any CPU = Debug|Any CPU
		Release|Any CPU = Release|Any CPU
	EndGlobalSection
	GlobalSection(ProjectConfigurationPlatforms) = postSolution
		{F229AC87-186B-455F-8470-ACCEEE902437}.Debug|Any CPU.ActiveCfg = Debug|Any CPU
		{F229AC87-186B-455F-8470-ACCEEE902437}.Debug|Any CPU.Build.0 = Debug|Any CPU
		{F229AC87-186B-455F-8470-ACCEEE902437}.Release|Any CPU.ActiveCfg = Release|Any CPU
		{F229AC87-186B-455F-8470-ACCEEE902437}.Release|Any CPU.Build.0 = Release|Any CPU
		{1DAE622F-EAC5-4E24-955F-DC34A2CB3348}.Debug|Any CPU.ActiveCfg = Debug|Any CPU
		{1DAE622F-EAC5-4E24-955F-DC34A2CB3348}.Debug|Any CPU.Build.0 = Debug|Any CPU
		{1DAE622F-EAC5-4E24-955F-DC34A2CB3348}.Release|Any CPU.ActiveCfg = Release|Any CPU
		{1DAE622F-EAC5-4E24-955F-DC34A2CB3348}.Release|Any CPU.Build.0 = Release|Any CPU
		{8C842E64-322A-4F1B-B06A-FB7CE835CB8C}.Debug|Any CPU.ActiveCfg = Debug|Any CPU
		{8C842E64-322A-4F1B-B06A-FB7CE835CB8C}.Debug|Any CPU.Build.0 = Debug|Any CPU
		{8C842E64-322A-4F1B-B06A-FB7CE835CB8C}.Release|Any CPU.ActiveCfg = Release|Any CPU
		{8C842E64-322A-4F1B-B06A-FB7CE835CB8C}.Release|Any CPU.Build.0 = Release|Any CPU
	EndGlobalSection
	GlobalSection(SolutionProperties) = preSolution
		HideSolutionNode = FALSE
	EndGlobalSection
EndGlobal
